
Microsoft Visual Studio Solution File, Format Version 12.00
# Visual Studio Version 16
VisualStudioVersion = 16.0.30621.155
MinimumVisualStudioVersion = 10.0.40219.1
Project("{8BC9CEB8-8B4A-11D0-8D11-00A0C91BC942}") = "GradientMethod", "GradientMethod\GradientMethod.vcxproj", "{2F3EC6B7-E829-4821-9B94-CAEF08D0756C}"
EndProject
Global
	GlobalSection(SolutionConfigurationPlatforms) = preSolution
		Debug|x64 = Debug|x64
		Debug|x86 = Debug|x86
		Release|x64 = Release|x64
		Release|x86 = Release|x86
	EndGlobalSection
	GlobalSection(ProjectConfigurationPlatforms) = postSolution
		{2F3EC6B7-E829-4821-9B94-CAEF08D0756C}.Debug|x64.ActiveCfg = Debug|x64
		{2F3EC6B7-E829-4821-9B94-CAEF08D0756C}.Debug|x64.Build.0 = Debug|x64
		{2F3EC6B7-E829-4821-9B94-CAEF08D0756C}.Debug|x86.ActiveCfg = Debug|Win32
		{2F3EC6B7-E829-4821-9B94-CAEF08D0756C}.Debug|x86.Build.0 = Debug|Win32
		{2F3EC6B7-E829-4821-9B94-CAEF08D0756C}.Release|x64.ActiveCfg = Release|x64
		{2F3EC6B7-E829-4821-9B94-CAEF08D0756C}.Release|x64.Build.0 = Release|x64
		{2F3EC6B7-E829-4821-9B94-CAEF08D0756C}.Release|x86.ActiveCfg = Release|Win32
		{2F3EC6B7-E829-4821-9B94-CAEF08D0756C}.Release|x86.Build.0 = Release|Win32
	EndGlobalSection
	GlobalSection(SolutionProperties) = preSolution
		HideSolutionNode = FALSE
	EndGlobalSection
	GlobalSection(ExtensibilityGlobals) = postSolution
		SolutionGuid = {2DCCE6F2-886C-4A71-B2E1-76307F87133E}
	EndGlobalSection
EndGlobal
